
Microsoft Visual Studio Solution File, Format Version 12.00
# Visual Studio 15
VisualStudioVersion = 15.0.26124.0
MinimumVisualStudioVersion = 15.0.26124.0
Project("{FAE04EC0-301F-11D3-BF4B-00C04F79EFBC}") = "Api", "Api\Api.csproj", "{C2BB33BF-4D60-4171-9704-0D0AEC9CCBCD}"
EndProject
Project("{FAE04EC0-301F-11D3-BF4B-00C04F79EFBC}") = "MixingService", "Services\Service.Mixing\MixingService.csproj", "{4EC4F768-804F-404B-8821-5DD5EB80F79F}"
EndProject
Project("{FAE04EC0-301F-11D3-BF4B-00C04F79EFBC}") = "DecoratorService", "Services\Service.Decorating\DecoratorService.csproj", "{71AD6822-F0ED-43BA-86F1-C10255B3799D}"
EndProject
Project("{FAE04EC0-301F-11D3-BF4B-00C04F79EFBC}") = "BakingService", "Services\Service.Baking\BakingService.csproj", "{7EDCA173-1785-4C2F-AA1F-34F454F74693}"
EndProject
Project("{FAE04EC0-301F-11D3-BF4B-00C04F79EFBC}") = "BoxingService", "Services\Service.Packaging\BoxingService.csproj", "{6C98E930-69A7-4E5F-8DA6-8C5B8BDE2150}"
EndProject
Project("{FAE04EC0-301F-11D3-BF4B-00C04F79EFBC}") = "Common.Utils", "Common.Utils\Common.Utils.csproj", "{7D05453C-1A40-4A89-A660-CAD2CB7A0EA0}"
EndProject
Global
	GlobalSection(SolutionConfigurationPlatforms) = preSolution
		Debug|Any CPU = Debug|Any CPU
		Debug|x64 = Debug|x64
		Debug|x86 = Debug|x86
		Release|Any CPU = Release|Any CPU
		Release|x64 = Release|x64
		Release|x86 = Release|x86
	EndGlobalSection
	GlobalSection(SolutionProperties) = preSolution
		HideSolutionNode = FALSE
	EndGlobalSection
	GlobalSection(ProjectConfigurationPlatforms) = postSolution
		{C2BB33BF-4D60-4171-9704-0D0AEC9CCBCD}.Debug|Any CPU.ActiveCfg = Debug|Any CPU
		{C2BB33BF-4D60-4171-9704-0D0AEC9CCBCD}.Debug|Any CPU.Build.0 = Debug|Any CPU
		{C2BB33BF-4D60-4171-9704-0D0AEC9CCBCD}.Debug|x64.ActiveCfg = Debug|Any CPU
		{C2BB33BF-4D60-4171-9704-0D0AEC9CCBCD}.Debug|x64.Build.0 = Debug|Any CPU
		{C2BB33BF-4D60-4171-9704-0D0AEC9CCBCD}.Debug|x86.ActiveCfg = Debug|Any CPU
		{C2BB33BF-4D60-4171-9704-0D0AEC9CCBCD}.Debug|x86.Build.0 = Debug|Any CPU
		{C2BB33BF-4D60-4171-9704-0D0AEC9CCBCD}.Release|Any CPU.ActiveCfg = Release|Any CPU
		{C2BB33BF-4D60-4171-9704-0D0AEC9CCBCD}.Release|Any CPU.Build.0 = Release|Any CPU
		{C2BB33BF-4D60-4171-9704-0D0AEC9CCBCD}.Release|x64.ActiveCfg = Release|Any CPU
		{C2BB33BF-4D60-4171-9704-0D0AEC9CCBCD}.Release|x64.Build.0 = Release|Any CPU
		{C2BB33BF-4D60-4171-9704-0D0AEC9CCBCD}.Release|x86.ActiveCfg = Release|Any CPU
		{C2BB33BF-4D60-4171-9704-0D0AEC9CCBCD}.Release|x86.Build.0 = Release|Any CPU
		{4EC4F768-804F-404B-8821-5DD5EB80F79F}.Debug|Any CPU.ActiveCfg = Debug|Any CPU
		{4EC4F768-804F-404B-8821-5DD5EB80F79F}.Debug|Any CPU.Build.0 = Debug|Any CPU
		{4EC4F768-804F-404B-8821-5DD5EB80F79F}.Debug|x64.ActiveCfg = Debug|Any CPU
		{4EC4F768-804F-404B-8821-5DD5EB80F79F}.Debug|x64.Build.0 = Debug|Any CPU
		{4EC4F768-804F-404B-8821-5DD5EB80F79F}.Debug|x86.ActiveCfg = Debug|Any CPU
		{4EC4F768-804F-404B-8821-5DD5EB80F79F}.Debug|x86.Build.0 = Debug|Any CPU
		{4EC4F768-804F-404B-8821-5DD5EB80F79F}.Release|Any CPU.ActiveCfg = Release|Any CPU
		{4EC4F768-804F-404B-8821-5DD5EB80F79F}.Release|Any CPU.Build.0 = Release|Any CPU
		{4EC4F768-804F-404B-8821-5DD5EB80F79F}.Release|x64.ActiveCfg = Release|Any CPU
		{4EC4F768-804F-404B-8821-5DD5EB80F79F}.Release|x64.Build.0 = Release|Any CPU
		{4EC4F768-804F-404B-8821-5DD5EB80F79F}.Release|x86.ActiveCfg = Release|Any CPU
		{4EC4F768-804F-404B-8821-5DD5EB80F79F}.Release|x86.Build.0 = Release|Any CPU
		{71AD6822-F0ED-43BA-86F1-C10255B3799D}.Debug|Any CPU.ActiveCfg = Debug|Any CPU
		{71AD6822-F0ED-43BA-86F1-C10255B3799D}.Debug|Any CPU.Build.0 = Debug|Any CPU
		{71AD6822-F0ED-43BA-86F1-C10255B3799D}.Debug|x64.ActiveCfg = Debug|Any CPU
		{71AD6822-F0ED-43BA-86F1-C10255B3799D}.Debug|x64.Build.0 = Debug|Any CPU
		{71AD6822-F0ED-43BA-86F1-C10255B3799D}.Debug|x86.ActiveCfg = Debug|Any CPU
		{71AD6822-F0ED-43BA-86F1-C10255B3799D}.Debug|x86.Build.0 = Debug|Any CPU
		{71AD6822-F0ED-43BA-86F1-C10255B3799D}.Release|Any CPU.ActiveCfg = Release|Any CPU
		{71AD6822-F0ED-43BA-86F1-C10255B3799D}.Release|Any CPU.Build.0 = Release|Any CPU
		{71AD6822-F0ED-43BA-86F1-C10255B3799D}.Release|x64.ActiveCfg = Release|Any CPU
		{71AD6822-F0ED-43BA-86F1-C10255B3799D}.Release|x64.Build.0 = Release|Any CPU
		{71AD6822-F0ED-43BA-86F1-C10255B3799D}.Release|x86.ActiveCfg = Release|Any CPU
		{71AD6822-F0ED-43BA-86F1-C10255B3799D}.Release|x86.Build.0 = Release|Any CPU
		{7EDCA173-1785-4C2F-AA1F-34F454F74693}.Debug|Any CPU.ActiveCfg = Debug|Any CPU
		{7EDCA173-1785-4C2F-AA1F-34F454F74693}.Debug|Any CPU.Build.0 = Debug|Any CPU
		{7EDCA173-1785-4C2F-AA1F-34F454F74693}.Debug|x64.ActiveCfg = Debug|Any CPU
		{7EDCA173-1785-4C2F-AA1F-34F454F74693}.Debug|x64.Build.0 = Debug|Any CPU
		{7EDCA173-1785-4C2F-AA1F-34F454F74693}.Debug|x86.ActiveCfg = Debug|Any CPU
		{7EDCA173-1785-4C2F-AA1F-34F454F74693}.Debug|x86.Build.0 = Debug|Any CPU
		{7EDCA173-1785-4C2F-AA1F-34F454F74693}.Release|Any CPU.ActiveCfg = Release|Any CPU
		{7EDCA173-1785-4C2F-AA1F-34F454F74693}.Release|Any CPU.Build.0 = Release|Any CPU
		{7EDCA173-1785-4C2F-AA1F-34F454F74693}.Release|x64.ActiveCfg = Release|Any CPU
		{7EDCA173-1785-4C2F-AA1F-34F454F74693}.Release|x64.Build.0 = Release|Any CPU
		{7EDCA173-1785-4C2F-AA1F-34F454F74693}.Release|x86.ActiveCfg = Release|Any CPU
		{7EDCA173-1785-4C2F-AA1F-34F454F74693}.Release|x86.Build.0 = Release|Any CPU
		{6C98E930-69A7-4E5F-8DA6-8C5B8BDE2150}.Debug|Any CPU.ActiveCfg = Debug|Any CPU
		{6C98E930-69A7-4E5F-8DA6-8C5B8BDE2150}.Debug|Any CPU.Build.0 = Debug|Any CPU
		{6C98E930-69A7-4E5F-8DA6-8C5B8BDE2150}.Debug|x64.ActiveCfg = Debug|Any CPU
		{6C98E930-69A7-4E5F-8DA6-8C5B8BDE2150}.Debug|x64.Build.0 = Debug|Any CPU
		{6C98E930-69A7-4E5F-8DA6-8C5B8BDE2150}.Debug|x86.ActiveCfg = Debug|Any CPU
		{6C98E930-69A7-4E5F-8DA6-8C5B8BDE2150}.Debug|x86.Build.0 = Debug|Any CPU
		{6C98E930-69A7-4E5F-8DA6-8C5B8BDE2150}.Release|Any CPU.ActiveCfg = Release|Any CPU
		{6C98E930-69A7-4E5F-8DA6-8C5B8BDE2150}.Release|Any CPU.Build.0 = Release|Any CPU
		{6C98E930-69A7-4E5F-8DA6-8C5B8BDE2150}.Release|x64.ActiveCfg = Release|Any CPU
		{6C98E930-69A7-4E5F-8DA6-8C5B8BDE2150}.Release|x64.Build.0 = Release|Any CPU
		{6C98E930-69A7-4E5F-8DA6-8C5B8BDE2150}.Release|x86.ActiveCfg = Release|Any CPU
		{6C98E930-69A7-4E5F-8DA6-8C5B8BDE2150}.Release|x86.Build.0 = Release|Any CPU
		{7D05453C-1A40-4A89-A660-CAD2CB7A0EA0}.Debug|Any CPU.ActiveCfg = Debug|Any CPU
		{7D05453C-1A40-4A89-A660-CAD2CB7A0EA0}.Debug|Any CPU.Build.0 = Debug|Any CPU
		{7D05453C-1A40-4A89-A660-CAD2CB7A0EA0}.Debug|x64.ActiveCfg = Debug|Any CPU
		{7D05453C-1A40-4A89-A660-CAD2CB7A0EA0}.Debug|x64.Build.0 = Debug|Any CPU
		{7D05453C-1A40-4A89-A660-CAD2CB7A0EA0}.Debug|x86.ActiveCfg = Debug|Any CPU
		{7D05453C-1A40-4A89-A660-CAD2CB7A0EA0}.Debug|x86.Build.0 = Debug|Any CPU
		{7D05453C-1A40-4A89-A660-CAD2CB7A0EA0}.Release|Any CPU.ActiveCfg = Release|Any CPU
		{7D05453C-1A40-4A89-A660-CAD2CB7A0EA0}.Release|Any CPU.Build.0 = Release|Any CPU
		{7D05453C-1A40-4A89-A660-CAD2CB7A0EA0}.Release|x64.ActiveCfg = Release|Any CPU
		{7D05453C-1A40-4A89-A660-CAD2CB7A0EA0}.Release|x64.Build.0 = Release|Any CPU
		{7D05453C-1A40-4A89-A660-CAD2CB7A0EA0}.Release|x86.ActiveCfg = Release|Any CPU
		{7D05453C-1A40-4A89-A660-CAD2CB7A0EA0}.Release|x86.Build.0 = Release|Any CPU
	EndGlobalSection
EndGlobal
